{
  "version": 4,
  "terraform_version": "1.10.5",
  "serial": 57,
  "lineage": "3dcb7b0d-12ed-3f29-540f-9bf567c8c9a1",
  "outputs": {
    "asg_name": {
      "value": "gh-runner-asg-arindam83-aws-poc-01",
      "type": "string"
    },
    "internet_gateway_id": {
      "value": "igw-08a5db3e7bc8dc1e9",
      "type": "string"
    },
    "launch_template_id": {
      "value": "lt-0c3ce42db3c854f0a",
      "type": "string"
    },
    "public_subnet_ids": {
      "value": [
        "subnet-0d5e186dd81622009",
        "subnet-0c3a54304af1a6379"
      ],
      "type": [
        "tuple",
        [
          "string",
          "string"
        ]
      ]
    },
    "route_table_id": {
      "value": "rtb-0a2b08615a1528892",
      "type": "string"
    },
    "security_group_id": {
      "value": "sg-0d995dc253af2f5c3",
      "type": "string"
    },
    "subnet_ids": {
      "value": [
        "subnet-0d5e186dd81622009",
        "subnet-0c3a54304af1a6379"
      ],
      "type": [
        "tuple",
        [
          "string",
          "string"
        ]
      ]
    },
    "vpc_id": {
      "value": "vpc-0b44660a70eb4c2a4",
      "type": "string"
    }
  },
  "resources": [
    {
      "mode": "data",
      "type": "aws_availability_zones",
      "name": "available",
      "provider": "provider[\"registry.terraform.io/hashicorp/aws\"]",
      "instances": [
        {
          "schema_version": 0,
          "attributes": {
            "all_availability_zones": null,
            "exclude_names": null,
            "exclude_zone_ids": null,
            "filter": null,
            "group_names": [
              "us-east-1-zg-1"
            ],
            "id": "us-east-1",
            "names": [
              "us-east-1a",
              "us-east-1b",
              "us-east-1c",
              "us-east-1d",
              "us-east-1e",
              "us-east-1f"
            ],
            "state": null,
            "timeouts": null,
            "zone_ids": [
              "use1-az1",
              "use1-az2",
              "use1-az4",
              "use1-az6",
              "use1-az3",
              "use1-az5"
            ]
          },
          "sensitive_attributes": []
        }
      ]
    },
    {
      "mode": "data",
      "type": "aws_caller_identity",
      "name": "me",
      "provider": "provider[\"registry.terraform.io/hashicorp/aws\"]",
      "instances": [
        {
          "schema_version": 0,
          "attributes": {
            "account_id": "996098261366",
            "arn": "arn:aws:sts::996098261366:assumed-role/AWSReservedSSO_AdministratorAccess_51e7a327249ec2c9/poc-admin",
            "id": "996098261366",
            "user_id": "AROA6P3AVIF3NMWPMFQ5B:poc-admin"
          },
          "sensitive_attributes": []
        }
      ]
    },
    {
      "mode": "data",
      "type": "aws_iam_policy_document",
      "name": "ec2_assume",
      "provider": "provider[\"registry.terraform.io/hashicorp/aws\"]",
      "instances": [
        {
          "schema_version": 0,
          "attributes": {
            "id": "1903849331",
            "json": "{\n  \"Version\": \"2012-10-17\",\n  \"Statement\": [\n    {\n      \"Sid\": \"\",\n      \"Effect\": \"Allow\",\n      \"Action\": \"sts:AssumeRole\",\n      \"Principal\": {\n        \"Service\": \"ec2.amazonaws.com\"\n      }\n    }\n  ]\n}",
            "override_json": null,
            "override_policy_documents": null,
            "policy_id": null,
            "source_json": null,
            "source_policy_documents": null,
            "statement": [
              {
                "actions": [
                  "sts:AssumeRole"
                ],
                "condition": [],
                "effect": "Allow",
                "not_actions": [],
                "not_principals": [],
                "not_resources": [],
                "principals": [
                  {
                    "identifiers": [
                      "ec2.amazonaws.com"
                    ],
                    "type": "Service"
                  }
                ],
                "resources": [],
                "sid": ""
              }
            ],
            "version": "2012-10-17"
          },
          "sensitive_attributes": []
        }
      ]
    },
    {
      "mode": "managed",
      "type": "aws_autoscaling_group",
      "name": "runner_asg",
      "provider": "provider[\"registry.terraform.io/hashicorp/aws\"]",
      "instances": [
        {
          "schema_version": 0,
          "attributes": {
            "arn": "arn:aws:autoscaling:us-east-1:996098261366:autoScalingGroup:e9d7dee2-d3dc-4cf4-814a-3ec1c68fe273:autoScalingGroupName/gh-runner-asg-arindam83-aws-poc-01",
            "availability_zones": [
              "us-east-1a",
              "us-east-1b"
            ],
            "capacity_rebalance": false,
            "context": "",
            "default_cooldown": 300,
            "default_instance_warmup": 0,
            "desired_capacity": 0,
            "desired_capacity_type": "",
            "enabled_metrics": [],
            "force_delete": false,
            "force_delete_warm_pool": false,
            "health_check_grace_period": 300,
            "health_check_type": "EC2",
            "id": "gh-runner-asg-arindam83-aws-poc-01",
            "initial_lifecycle_hook": [],
            "instance_refresh": [],
            "launch_configuration": "",
            "launch_template": [
              {
                "id": "lt-0c3ce42db3c854f0a",
                "name": "gh-runner-poc-20251207231752743800000002",
                "version": "$Latest"
              }
            ],
            "load_balancers": [],
            "max_instance_lifetime": 0,
            "max_size": 2,
            "metrics_granularity": "1Minute",
            "min_elb_capacity": null,
            "min_size": 0,
            "mixed_instances_policy": [],
            "name": "gh-runner-asg-arindam83-aws-poc-01",
            "name_prefix": "",
            "placement_group": "",
            "predicted_capacity": 0,
            "protect_from_scale_in": false,
            "service_linked_role_arn": "arn:aws:iam::996098261366:role/aws-service-role/autoscaling.amazonaws.com/AWSServiceRoleForAutoScaling",
            "suspended_processes": [],
            "tag": [
              {
                "key": "Name",
                "propagate_at_launch": true,
                "value": "gh-runner-poc-arindam83/aws-poc-01"
              }
            ],
            "tags": null,
            "target_group_arns": [],
            "termination_policies": [],
            "timeouts": null,
            "vpc_zone_identifier": [
              "subnet-0c3a54304af1a6379",
              "subnet-0d5e186dd81622009"
            ],
            "wait_for_capacity_timeout": "10m",
            "wait_for_elb_capacity": null,
            "warm_pool": [],
            "warm_pool_size": 0
          },
          "sensitive_attributes": [],
          "private": "eyJlMmJmYjczMC1lY2FhLTExZTYtOGY4OC0zNDM2M2JjN2M0YzAiOnsiZGVsZXRlIjo2MDAwMDAwMDAwMDAsInVwZGF0ZSI6NjAwMDAwMDAwMDAwfX0=",
          "dependencies": [
            "aws_iam_instance_profile.runner_profile",
            "aws_iam_role.runner_role",
            "aws_launch_template.runner_lt",
            "aws_security_group.runner_sg",
            "aws_subnet.public",
            "aws_vpc.poc_vpc",
            "data.aws_availability_zones.available",
            "data.aws_caller_identity.me",
            "data.aws_iam_policy_document.ec2_assume"
          ],
          "create_before_destroy": true
        }
      ]
    },
    {
      "mode": "managed",
      "type": "aws_iam_instance_profile",
      "name": "runner_profile",
      "provider": "provider[\"registry.terraform.io/hashicorp/aws\"]",
      "instances": [
        {
          "schema_version": 0,
          "attributes": {
            "arn": "arn:aws:iam::996098261366:instance-profile/gh-runner-profile-poc-996098261366",
            "create_date": "2025-12-07T23:17:38Z",
            "id": "gh-runner-profile-poc-996098261366",
            "name": "gh-runner-profile-poc-996098261366",
            "name_prefix": "",
            "path": "/",
            "role": "gh-runner-role-poc-996098261366",
            "tags": {},
            "tags_all": {},
            "unique_id": "AIPA6P3AVIF3LG4YORGTP"
          },
          "sensitive_attributes": [],
          "private": "bnVsbA==",
          "dependencies": [
            "aws_iam_role.runner_role",
            "data.aws_caller_identity.me",
            "data.aws_iam_policy_document.ec2_assume"
          ],
          "create_before_destroy": true
        }
      ]
    },
    {
      "mode": "managed",
      "type": "aws_iam_policy",
      "name": "runner_policy",
      "provider": "provider[\"registry.terraform.io/hashicorp/aws\"]",
      "instances": [
        {
          "schema_version": 0,
          "attributes": {
            "arn": "arn:aws:iam::996098261366:policy/gh-runner-policy-poc-996098261366",
            "description": "",
            "id": "arn:aws:iam::996098261366:policy/gh-runner-policy-poc-996098261366",
            "name": "gh-runner-policy-poc-996098261366",
            "name_prefix": "",
            "path": "/",
            "policy": "{\"Statement\":[{\"Action\":[\"secretsmanager:GetSecretValue\"],\"Effect\":\"Allow\",\"Resource\":\"arn:aws:secretsmanager:us-east-1:996098261366:secret:github/token/arindam83-aws-poc-01*\"},{\"Action\":[\"logs:CreateLogGroup\",\"logs:CreateLogStream\",\"logs:PutLogEvents\"],\"Effect\":\"Allow\",\"Resource\":\"*\"},{\"Action\":[\"ssm:StartSession\",\"ssm:SendCommand\",\"ssm:DescribeInstanceInformation\"],\"Effect\":\"Allow\",\"Resource\":\"*\"}],\"Version\":\"2012-10-17\"}",
            "policy_id": "ANPA6P3AVIF3B5U4VIWPT",
            "tags": {},
            "tags_all": {}
          },
          "sensitive_attributes": [],
          "private": "bnVsbA==",
          "dependencies": [
            "data.aws_caller_identity.me"
          ]
        }
      ]
    },
    {
      "mode": "managed",
      "type": "aws_iam_role",
      "name": "runner_role",
      "provider": "provider[\"registry.terraform.io/hashicorp/aws\"]",
      "instances": [
        {
          "schema_version": 0,
          "attributes": {
            "arn": "arn:aws:iam::996098261366:role/gh-runner-role-poc-996098261366",
            "assume_role_policy": "{\"Statement\":[{\"Action\":\"sts:AssumeRole\",\"Effect\":\"Allow\",\"Principal\":{\"Service\":\"ec2.amazonaws.com\"},\"Sid\":\"\"}],\"Version\":\"2012-10-17\"}",
            "create_date": "2025-12-07T23:17:37Z",
            "description": "",
            "force_detach_policies": false,
            "id": "gh-runner-role-poc-996098261366",
            "inline_policy": [],
            "managed_policy_arns": [
              "arn:aws:iam::996098261366:policy/gh-runner-policy-poc-996098261366"
            ],
            "max_session_duration": 3600,
            "name": "gh-runner-role-poc-996098261366",
            "name_prefix": "",
            "path": "/",
            "permissions_boundary": null,
            "role_last_used": [
              {
                "last_used_date": "",
                "region": ""
              }
            ],
            "tags": {},
            "tags_all": {},
            "unique_id": "AROA6P3AVIF3L6CEMOYEB"
          },
          "sensitive_attributes": [],
          "private": "bnVsbA==",
          "dependencies": [
            "data.aws_caller_identity.me",
            "data.aws_iam_policy_document.ec2_assume"
          ],
          "create_before_destroy": true
        }
      ]
    },
    {
      "mode": "managed",
      "type": "aws_iam_role_policy_attachment",
      "name": "runner_attach",
      "provider": "provider[\"registry.terraform.io/hashicorp/aws\"]",
      "instances": [
        {
          "schema_version": 0,
          "attributes": {
            "id": "gh-runner-role-poc-996098261366-20251207231739488800000001",
            "policy_arn": "arn:aws:iam::996098261366:policy/gh-runner-policy-poc-996098261366",
            "role": "gh-runner-role-poc-996098261366"
          },
          "sensitive_attributes": [],
          "private": "bnVsbA==",
          "dependencies": [
            "aws_iam_policy.runner_policy",
            "aws_iam_role.runner_role",
            "data.aws_caller_identity.me",
            "data.aws_iam_policy_document.ec2_assume"
          ]
        }
      ]
    },
    {
      "mode": "managed",
      "type": "aws_internet_gateway",
      "name": "igw",
      "provider": "provider[\"registry.terraform.io/hashicorp/aws\"]",
      "instances": [
        {
          "schema_version": 0,
          "attributes": {
            "arn": "arn:aws:ec2:us-east-1:996098261366:internet-gateway/igw-08a5db3e7bc8dc1e9",
            "id": "igw-08a5db3e7bc8dc1e9",
            "owner_id": "996098261366",
            "tags": {
              "Name": "poc-igw"
            },
            "tags_all": {
              "Name": "poc-igw"
            },
            "timeouts": null,
            "vpc_id": "vpc-0b44660a70eb4c2a4"
          },
          "sensitive_attributes": [],
          "private": "eyJlMmJmYjczMC1lY2FhLTExZTYtOGY4OC0zNDM2M2JjN2M0YzAiOnsiY3JlYXRlIjoxMjAwMDAwMDAwMDAwLCJkZWxldGUiOjEyMDAwMDAwMDAwMDAsInVwZGF0ZSI6MTIwMDAwMDAwMDAwMH19",
          "dependencies": [
            "aws_vpc.poc_vpc"
          ]
        }
      ]
    },
    {
      "mode": "managed",
      "type": "aws_launch_template",
      "name": "runner_lt",
      "provider": "provider[\"registry.terraform.io/hashicorp/aws\"]",
      "instances": [
        {
          "schema_version": 0,
          "attributes": {
            "arn": "arn:aws:ec2:us-east-1:996098261366:launch-template/lt-0c3ce42db3c854f0a",
            "block_device_mappings": [],
            "capacity_reservation_specification": [],
            "cpu_options": [],
            "credit_specification": [],
            "default_version": 1,
            "description": "",
            "disable_api_stop": false,
            "disable_api_termination": false,
            "ebs_optimized": "",
            "elastic_gpu_specifications": [],
            "elastic_inference_accelerator": [],
            "enclave_options": [],
            "hibernation_options": [],
            "iam_instance_profile": [
              {
                "arn": "",
                "name": "gh-runner-profile-poc-996098261366"
              }
            ],
            "id": "lt-0c3ce42db3c854f0a",
            "image_id": "ami-0fa3fe0fa7920f68e",
            "instance_initiated_shutdown_behavior": "",
            "instance_market_options": [],
            "instance_requirements": [],
            "instance_type": "t3.small",
            "kernel_id": "",
            "key_name": "",
            "latest_version": 2,
            "license_specification": [],
            "maintenance_options": [],
            "metadata_options": [],
            "monitoring": [],
            "name": "gh-runner-poc-20251207231752743800000002",
            "name_prefix": "gh-runner-poc-",
            "network_interfaces": [
              {
                "associate_carrier_ip_address": "",
                "associate_public_ip_address": "true",
                "delete_on_termination": "",
                "description": "",
                "device_index": 0,
                "interface_type": "",
                "ipv4_address_count": 0,
                "ipv4_addresses": [],
                "ipv4_prefix_count": 0,
                "ipv4_prefixes": [],
                "ipv6_address_count": 0,
                "ipv6_addresses": [],
                "ipv6_prefix_count": 0,
                "ipv6_prefixes": [],
                "network_card_index": 0,
                "network_interface_id": "",
                "private_ip_address": "",
                "security_groups": [
                  "sg-0d995dc253af2f5c3"
                ],
                "subnet_id": ""
              }
            ],
            "placement": [],
            "private_dns_name_options": [],
            "ram_disk_id": "",
            "security_group_names": [],
            "tag_specifications": [
              {
                "resource_type": "instance",
                "tags": {
                  "Name": "gh-runner-poc-arindam83/aws-poc-01",
                  "Repo": "arindam83/aws-poc-01"
                }
              }
            ],
            "tags": {},
            "tags_all": {},
            "update_default_version": null,
            "user_data": "IyEvYmluL2Jhc2gNCnNldCAtZXVvIHBpcGVmYWlsDQoNClJFUE89ImFyaW5kYW04My9hd3MtcG9jLTAxIg0KUkVHSU9OPSJ1cy1lYXN0LTEiDQpTRUNSRVRfTkFNRT0iZ2l0aHViL3Rva2VuL2FyaW5kYW04My1hd3MtcG9jLTAxIg0KUlVOTkVSX0RJUj0iL2hvbWUvZWMyLXVzZXIvYWN0aW9ucy1ydW5uZXIiDQpSVU5ORVJfVkVSU0lPTj0iMi4zMTkuMCINCkxBQkVMUz0iZXBoZW1lcmFsLCR7UkVQTy8vXC8vLX0iDQoNCiMgSW5zdGFsbCBkZXBlbmRlbmNpZXMNCnl1bSB1cGRhdGUgLXkNCnl1bSBpbnN0YWxsIC15IGpxIGdpdA0KDQojIGNyZWF0ZSB1c2VyIGFuZCB3b3JrIGRpcg0KaWQgLXUgZWMyLXVzZXIgJj4vZGV2L251bGwgfHwgdXNlcmFkZCAtbSBlYzItdXNlcg0KbWtkaXIgLXAgIiR7UlVOTkVSX0RJUn0iDQpjaG93biBlYzItdXNlcjplYzItdXNlciAiJHtSVU5ORVJfRElSfSINCmNkICIke1JVTk5FUl9ESVJ9Ig0KDQojIGZldGNoIEdIIFBBVCBmcm9tIFNlY3JldHMgTWFuYWdlcg0KR0hfUEFUX0pTT049JChhd3Mgc2VjcmV0c21hbmFnZXIgZ2V0LXNlY3JldC12YWx1ZSAtLXNlY3JldC1pZCAiJHtTRUNSRVRfTkFNRX0iIC0tcmVnaW9uICIke1JFR0lPTn0iIC0tcXVlcnkgU2VjcmV0U3RyaW5nIC0tb3V0cHV0IHRleHQpDQpHSF9QQVQ9JChlY2hvICIkR0hfUEFUX0pTT04iIHwganEgLXIgLnRva2VuKQ0KaWYgWyAteiAiJEdIX1BBVCIgXSB8fCBbICIkR0hfUEFUIiA9ICJudWxsIiBdOyB0aGVuDQogIGVjaG8gIkZhaWxlZCB0byByZWFkIEdIIFBBVCIgPiYyDQogIGV4aXQgMQ0KZmkNCg0KIyBvYnRhaW4gcmVnaXN0cmF0aW9uIHRva2VuIChzaG9ydC1saXZlZCkNClJFR19SRVNQPSQoY3VybCAtcyAtWCBQT1NUIC1IICJBdXRob3JpemF0aW9uOiB0b2tlbiAke0dIX1BBVH0iIC1IICJBY2NlcHQ6IGFwcGxpY2F0aW9uL3ZuZC5naXRodWIranNvbiIgImh0dHBzOi8vYXBpLmdpdGh1Yi5jb20vcmVwb3MvJHtSRVBPfS9hY3Rpb25zL3J1bm5lcnMvcmVnaXN0cmF0aW9uLXRva2VuIikNClJFR19UT0tFTj0kKGVjaG8gIiRSRUdfUkVTUCIgfCBqcSAtciAudG9rZW4pDQppZiBbIC16ICIkUkVHX1RPS0VOIiBdIHx8IFsgIiRSRUdfVE9LRU4iID0gIm51bGwiIF07IHRoZW4NCiAgZWNobyAiRmFpbGVkIHRvIGdldCByZWdpc3RyYXRpb24gdG9rZW46ICRSRUdfUkVTUCIgPiYyDQogIGV4aXQgMQ0KZmkNCg0KIyBkb3dubG9hZCBhbmQgZXh0cmFjdCBydW5uZXINCkFSQ0hJVkU9ImFjdGlvbnMtcnVubmVyLWxpbnV4LXg2NC0ke1JVTk5FUl9WRVJTSU9OfS50YXIuZ3oiDQpjdXJsIC1vICIkQVJDSElWRSIgLUwgImh0dHBzOi8vZ2l0aHViLmNvbS9hY3Rpb25zL3J1bm5lci9yZWxlYXNlcy9kb3dubG9hZC92JHtSVU5ORVJfVkVSU0lPTn0vJHtBUkNISVZFfSINCnRhciB4emYgIiRBUkNISVZFIg0KY2hvd24gLVIgZWMyLXVzZXI6ZWMyLXVzZXIgLg0KDQojIGNvbmZpZ3VyZSBydW5uZXIgd2l0aCBlcGhlbWVyYWwgZmxhZyAoYXV0by1yZW1vdmVzIGFmdGVyIG9uZSBqb2IpDQpzdWRvIC11IGVjMi11c2VyIGJhc2ggLWMgIi4vY29uZmlnLnNoIC0tdW5hdHRlbmRlZCAtLXVybCBodHRwczovL2dpdGh1Yi5jb20vJHtSRVBPfSAtLXRva2VuICR7UkVHX1RPS0VOfSAtLWxhYmVscyAke0xBQkVMU30gLS13b3JrIF93b3JrIC0tZXBoZW1lcmFsIg0KDQojIGluc3RhbGwgYW5kIHN0YXJ0IGFzIHNlcnZpY2UNCi4vc3ZjLnNoIGluc3RhbGwgZWMyLXVzZXINCi4vc3ZjLnNoIHN0YXJ0DQoNCiMgQ3JlYXRlIHVucmVnaXN0ZXIgc2NyaXB0IHRoYXQgZmV0Y2hlcyBhIGZyZXNoIHJlbW92YWwgdG9rZW4gYXQgc2h1dGRvd24NCmNhdCA+IC91c3IvbG9jYWwvYmluL3VucmVnaXN0ZXItcnVubmVyLnNoIDw8ICdVTlJFRycNCiMhL2Jpbi9iYXNoDQpzZXQgLWUNCmNkIC9ob21lL2VjMi11c2VyL2FjdGlvbnMtcnVubmVyIHx8IGV4aXQgMA0KDQojIEZldGNoIFBBVCBmcm9tIFNlY3JldHMgTWFuYWdlcg0KR0hfUEFUX0pTT049JChhd3Mgc2VjcmV0c21hbmFnZXIgZ2V0LXNlY3JldC12YWx1ZSAtLXNlY3JldC1pZCAiZ2l0aHViL3Rva2VuL2FyaW5kYW04My1hd3MtcG9jLTAxIiAtLXJlZ2lvbiAidXMtZWFzdC0xIiAtLXF1ZXJ5IFNlY3JldFN0cmluZyAtLW91dHB1dCB0ZXh0IDI+L2Rldi9udWxsKQ0KR0hfUEFUPSQoZWNobyAiJEdIX1BBVF9KU09OIiB8IGpxIC1yIC50b2tlbiAyPi9kZXYvbnVsbCkNCg0KaWYgWyAtbiAiJEdIX1BBVCIgXSAmJiBbICIkR0hfUEFUIiAhPSAibnVsbCIgXTsgdGhlbg0KICAjIEdldCByZW1vdmFsIHRva2VuDQogIFJFTU9WRV9SRVNQPSQoY3VybCAtcyAtWCBQT1NUIC1IICJBdXRob3JpemF0aW9uOiB0b2tlbiAkR0hfUEFUIiAtSCAiQWNjZXB0OiBhcHBsaWNhdGlvbi92bmQuZ2l0aHViK2pzb24iICJodHRwczovL2FwaS5naXRodWIuY29tL3JlcG9zL2FyaW5kYW04My9hd3MtcG9jLTAxL2FjdGlvbnMvcnVubmVycy9yZW1vdmUtdG9rZW4iIDI+L2Rldi9udWxsKQ0KICBSRU1PVkVfVE9LRU49JChlY2hvICIkUkVNT1ZFX1JFU1AiIHwganEgLXIgLnRva2VuIDI+L2Rldi9udWxsKQ0KICANCiAgaWYgWyAtbiAiJFJFTU9WRV9UT0tFTiIgXSAmJiBbICIkUkVNT1ZFX1RPS0VOIiAhPSAibnVsbCIgXTsgdGhlbg0KICAgIC4vY29uZmlnLnNoIHJlbW92ZSAtLXVuYXR0ZW5kZWQgLS10b2tlbiAiJFJFTU9WRV9UT0tFTiIgMj4vZGV2L251bGwgfHwgdHJ1ZQ0KICBmaQ0KZmkNClVOUkVHDQoNCmNobW9kICt4IC91c3IvbG9jYWwvYmluL3VucmVnaXN0ZXItcnVubmVyLnNoDQoNCmNhdCA+IC9ldGMvc3lzdGVtZC9zeXN0ZW0vdW5yZWdpc3Rlci1ydW5uZXIuc2VydmljZSA8PCAnVU5JVCcNCltVbml0XQ0KRGVzY3JpcHRpb249VW5yZWdpc3RlciBHaXRIdWIgcnVubmVyIG9uIHNodXRkb3duDQpEZWZhdWx0RGVwZW5kZW5jaWVzPW5vDQpCZWZvcmU9c2h1dGRvd24udGFyZ2V0DQoNCltTZXJ2aWNlXQ0KVHlwZT1vbmVzaG90DQpFeGVjU3RhcnQ9L2Jpbi90cnVlDQpFeGVjU3RvcD0vdXNyL2xvY2FsL2Jpbi91bnJlZ2lzdGVyLXJ1bm5lci5zaA0KUmVtYWluQWZ0ZXJFeGl0PXllcw0KVGltZW91dFN0b3BTZWM9MzANCg0KW0luc3RhbGxdDQpXYW50ZWRCeT1tdWx0aS11c2VyLnRhcmdldA0KVU5JVA0KDQpzeXN0ZW1jdGwgZGFlbW9uLXJlbG9hZA0Kc3lzdGVtY3RsIGVuYWJsZSB1bnJlZ2lzdGVyLXJ1bm5lci5zZXJ2aWNlDQpzeXN0ZW1jdGwgc3RhcnQgdW5yZWdpc3Rlci1ydW5uZXIuc2VydmljZQ==",
            "vpc_security_group_ids": []
          },
          "sensitive_attributes": [],
          "private": "bnVsbA==",
          "dependencies": [
            "aws_iam_instance_profile.runner_profile",
            "aws_iam_role.runner_role",
            "aws_security_group.runner_sg",
            "aws_vpc.poc_vpc",
            "data.aws_caller_identity.me",
            "data.aws_iam_policy_document.ec2_assume"
          ],
          "create_before_destroy": true
        }
      ]
    },
    {
      "mode": "managed",
      "type": "aws_route_table",
      "name": "public",
      "provider": "provider[\"registry.terraform.io/hashicorp/aws\"]",
      "instances": [
        {
          "schema_version": 0,
          "attributes": {
            "arn": "arn:aws:ec2:us-east-1:996098261366:route-table/rtb-0a2b08615a1528892",
            "id": "rtb-0a2b08615a1528892",
            "owner_id": "996098261366",
            "propagating_vgws": [],
            "route": [
              {
                "carrier_gateway_id": "",
                "cidr_block": "0.0.0.0/0",
                "core_network_arn": "",
                "destination_prefix_list_id": "",
                "egress_only_gateway_id": "",
                "gateway_id": "igw-08a5db3e7bc8dc1e9",
                "instance_id": "",
                "ipv6_cidr_block": "",
                "local_gateway_id": "",
                "nat_gateway_id": "",
                "network_interface_id": "",
                "transit_gateway_id": "",
                "vpc_endpoint_id": "",
                "vpc_peering_connection_id": ""
              }
            ],
            "tags": {
              "Name": "poc-public-rt"
            },
            "tags_all": {
              "Name": "poc-public-rt"
            },
            "timeouts": null,
            "vpc_id": "vpc-0b44660a70eb4c2a4"
          },
          "sensitive_attributes": [],
          "private": "eyJlMmJmYjczMC1lY2FhLTExZTYtOGY4OC0zNDM2M2JjN2M0YzAiOnsiY3JlYXRlIjozMDAwMDAwMDAwMDAsImRlbGV0ZSI6MzAwMDAwMDAwMDAwLCJ1cGRhdGUiOjEyMDAwMDAwMDAwMH19",
          "dependencies": [
            "aws_internet_gateway.igw",
            "aws_vpc.poc_vpc"
          ]
        }
      ]
    },
    {
      "mode": "managed",
      "type": "aws_route_table_association",
      "name": "public_assoc",
      "provider": "provider[\"registry.terraform.io/hashicorp/aws\"]",
      "instances": [
        {
          "index_key": 0,
          "schema_version": 0,
          "attributes": {
            "gateway_id": "",
            "id": "rtbassoc-0ec88e1f2dd584a78",
            "route_table_id": "rtb-0a2b08615a1528892",
            "subnet_id": "subnet-0d5e186dd81622009",
            "timeouts": null
          },
          "sensitive_attributes": [],
          "private": "eyJlMmJmYjczMC1lY2FhLTExZTYtOGY4OC0zNDM2M2JjN2M0YzAiOnsiY3JlYXRlIjozMDAwMDAwMDAwMDAsImRlbGV0ZSI6MzAwMDAwMDAwMDAwLCJ1cGRhdGUiOjEyMDAwMDAwMDAwMH19",
          "dependencies": [
            "aws_internet_gateway.igw",
            "aws_route_table.public",
            "aws_subnet.public",
            "aws_vpc.poc_vpc",
            "data.aws_availability_zones.available"
          ]
        },
        {
          "index_key": 1,
          "schema_version": 0,
          "attributes": {
            "gateway_id": "",
            "id": "rtbassoc-06a1b2fbeeffb807b",
            "route_table_id": "rtb-0a2b08615a1528892",
            "subnet_id": "subnet-0c3a54304af1a6379",
            "timeouts": null
          },
          "sensitive_attributes": [],
          "private": "eyJlMmJmYjczMC1lY2FhLTExZTYtOGY4OC0zNDM2M2JjN2M0YzAiOnsiY3JlYXRlIjozMDAwMDAwMDAwMDAsImRlbGV0ZSI6MzAwMDAwMDAwMDAwLCJ1cGRhdGUiOjEyMDAwMDAwMDAwMH19",
          "dependencies": [
            "aws_internet_gateway.igw",
            "aws_route_table.public",
            "aws_subnet.public",
            "aws_vpc.poc_vpc",
            "data.aws_availability_zones.available"
          ]
        }
      ]
    },
    {
      "mode": "managed",
      "type": "aws_security_group",
      "name": "runner_sg",
      "provider": "provider[\"registry.terraform.io/hashicorp/aws\"]",
      "instances": [
        {
          "schema_version": 1,
          "attributes": {
            "arn": "arn:aws:ec2:us-east-1:996098261366:security-group/sg-0d995dc253af2f5c3",
            "description": "Allow outbound HTTPS and SSM",
            "egress": [
              {
                "cidr_blocks": [
                  "0.0.0.0/0"
                ],
                "description": "",
                "from_port": 0,
                "ipv6_cidr_blocks": [],
                "prefix_list_ids": [],
                "protocol": "-1",
                "security_groups": [],
                "self": false,
                "to_port": 0
              }
            ],
            "id": "sg-0d995dc253af2f5c3",
            "ingress": [
              {
                "cidr_blocks": [],
                "description": "Allow SSH from your IP (optional)",
                "from_port": 22,
                "ipv6_cidr_blocks": [],
                "prefix_list_ids": [],
                "protocol": "tcp",
                "security_groups": [],
                "self": false,
                "to_port": 22
              }
            ],
            "name": "poc-runner-sg",
            "name_prefix": "",
            "owner_id": "996098261366",
            "revoke_rules_on_delete": false,
            "tags": {
              "Name": "poc-runner-sg"
            },
            "tags_all": {
              "Name": "poc-runner-sg"
            },
            "timeouts": null,
            "vpc_id": "vpc-0b44660a70eb4c2a4"
          },
          "sensitive_attributes": [],
          "private": "eyJlMmJmYjczMC1lY2FhLTExZTYtOGY4OC0zNDM2M2JjN2M0YzAiOnsiY3JlYXRlIjo2MDAwMDAwMDAwMDAsImRlbGV0ZSI6OTAwMDAwMDAwMDAwfSwic2NoZW1hX3ZlcnNpb24iOiIxIn0=",
          "dependencies": [
            "aws_vpc.poc_vpc"
          ],
          "create_before_destroy": true
        }
      ]
    },
    {
      "mode": "managed",
      "type": "aws_subnet",
      "name": "public",
      "provider": "provider[\"registry.terraform.io/hashicorp/aws\"]",
      "instances": [
        {
          "index_key": 0,
          "schema_version": 1,
          "attributes": {
            "arn": "arn:aws:ec2:us-east-1:996098261366:subnet/subnet-0d5e186dd81622009",
            "assign_ipv6_address_on_creation": false,
            "availability_zone": "us-east-1a",
            "availability_zone_id": "use1-az1",
            "cidr_block": "10.10.0.0/24",
            "customer_owned_ipv4_pool": "",
            "enable_dns64": false,
            "enable_lni_at_device_index": 0,
            "enable_resource_name_dns_a_record_on_launch": false,
            "enable_resource_name_dns_aaaa_record_on_launch": false,
            "id": "subnet-0d5e186dd81622009",
            "ipv6_cidr_block": "",
            "ipv6_cidr_block_association_id": "",
            "ipv6_native": false,
            "map_customer_owned_ip_on_launch": false,
            "map_public_ip_on_launch": true,
            "outpost_arn": "",
            "owner_id": "996098261366",
            "private_dns_hostname_type_on_launch": "ip-name",
            "tags": {
              "Name": "poc-public-0"
            },
            "tags_all": {
              "Name": "poc-public-0"
            },
            "timeouts": null,
            "vpc_id": "vpc-0b44660a70eb4c2a4"
          },
          "sensitive_attributes": [],
          "private": "eyJlMmJmYjczMC1lY2FhLTExZTYtOGY4OC0zNDM2M2JjN2M0YzAiOnsiY3JlYXRlIjo2MDAwMDAwMDAwMDAsImRlbGV0ZSI6MTIwMDAwMDAwMDAwMH0sInNjaGVtYV92ZXJzaW9uIjoiMSJ9",
          "dependencies": [
            "aws_vpc.poc_vpc",
            "data.aws_availability_zones.available"
          ],
          "create_before_destroy": true
        },
        {
          "index_key": 1,
          "schema_version": 1,
          "attributes": {
            "arn": "arn:aws:ec2:us-east-1:996098261366:subnet/subnet-0c3a54304af1a6379",
            "assign_ipv6_address_on_creation": false,
            "availability_zone": "us-east-1b",
            "availability_zone_id": "use1-az2",
            "cidr_block": "10.10.1.0/24",
            "customer_owned_ipv4_pool": "",
            "enable_dns64": false,
            "enable_lni_at_device_index": 0,
            "enable_resource_name_dns_a_record_on_launch": false,
            "enable_resource_name_dns_aaaa_record_on_launch": false,
            "id": "subnet-0c3a54304af1a6379",
            "ipv6_cidr_block": "",
            "ipv6_cidr_block_association_id": "",
            "ipv6_native": false,
            "map_customer_owned_ip_on_launch": false,
            "map_public_ip_on_launch": true,
            "outpost_arn": "",
            "owner_id": "996098261366",
            "private_dns_hostname_type_on_launch": "ip-name",
            "tags": {
              "Name": "poc-public-1"
            },
            "tags_all": {
              "Name": "poc-public-1"
            },
            "timeouts": null,
            "vpc_id": "vpc-0b44660a70eb4c2a4"
          },
          "sensitive_attributes": [],
          "private": "eyJlMmJmYjczMC1lY2FhLTExZTYtOGY4OC0zNDM2M2JjN2M0YzAiOnsiY3JlYXRlIjo2MDAwMDAwMDAwMDAsImRlbGV0ZSI6MTIwMDAwMDAwMDAwMH0sInNjaGVtYV92ZXJzaW9uIjoiMSJ9",
          "dependencies": [
            "aws_vpc.poc_vpc",
            "data.aws_availability_zones.available"
          ],
          "create_before_destroy": true
        }
      ]
    },
    {
      "mode": "managed",
      "type": "aws_vpc",
      "name": "poc_vpc",
      "provider": "provider[\"registry.terraform.io/hashicorp/aws\"]",
      "instances": [
        {
          "schema_version": 1,
          "attributes": {
            "arn": "arn:aws:ec2:us-east-1:996098261366:vpc/vpc-0b44660a70eb4c2a4",
            "assign_generated_ipv6_cidr_block": false,
            "cidr_block": "10.10.0.0/16",
            "default_network_acl_id": "acl-09cf16399ff1d77ee",
            "default_route_table_id": "rtb-099948c0dcba854a3",
            "default_security_group_id": "sg-0662ee2c006384598",
            "dhcp_options_id": "dopt-09cc4f1d20ad05b02",
            "enable_classiclink": false,
            "enable_classiclink_dns_support": false,
            "enable_dns_hostnames": true,
            "enable_dns_support": true,
            "enable_network_address_usage_metrics": false,
            "id": "vpc-0b44660a70eb4c2a4",
            "instance_tenancy": "default",
            "ipv4_ipam_pool_id": null,
            "ipv4_netmask_length": null,
            "ipv6_association_id": "",
            "ipv6_cidr_block": "",
            "ipv6_cidr_block_network_border_group": "",
            "ipv6_ipam_pool_id": "",
            "ipv6_netmask_length": 0,
            "main_route_table_id": "rtb-099948c0dcba854a3",
            "owner_id": "996098261366",
            "tags": {
              "Name": "poc-vpc"
            },
            "tags_all": {
              "Name": "poc-vpc"
            }
          },
          "sensitive_attributes": [],
          "private": "eyJzY2hlbWFfdmVyc2lvbiI6IjEifQ==",
          "create_before_destroy": true
        }
      ]
    }
  ],
  "check_results": null
}
