{
  "version": 4,
  "terraform_version": "1.10.5",
  "serial": 103,
  "lineage": "3dcb7b0d-12ed-3f29-540f-9bf567c8c9a1",
  "outputs": {
    "asg_name": {
      "value": "gh-runner-asg-arindam83-aws-poc-01",
      "type": "string"
    },
    "internet_gateway_id": {
      "value": "igw-00e0dc590f3ec6f51",
      "type": "string"
    },
    "launch_template_id": {
      "value": "lt-0622abcae84f3f34d",
      "type": "string"
    },
    "public_subnet_ids": {
      "value": [
        "subnet-0423fa5359830df65",
        "subnet-049a3e7c6bfc5c31a"
      ],
      "type": [
        "tuple",
        [
          "string",
          "string"
        ]
      ]
    },
    "route_table_id": {
      "value": "rtb-0e327de1c8f545d3d",
      "type": "string"
    },
    "runner_role_name": {
      "value": "gh-runner-role-poc-996098261366",
      "type": "string"
    },
    "security_group_id": {
      "value": "sg-0e8b0eb08c52bcdbe",
      "type": "string"
    },
    "subnet_ids": {
      "value": [
        "subnet-0423fa5359830df65",
        "subnet-049a3e7c6bfc5c31a"
      ],
      "type": [
        "tuple",
        [
          "string",
          "string"
        ]
      ]
    },
    "vpc_id": {
      "value": "vpc-0edd562875fa5198d",
      "type": "string"
    }
  },
  "resources": [
    {
      "mode": "data",
      "type": "aws_availability_zones",
      "name": "available",
      "provider": "provider[\"registry.terraform.io/hashicorp/aws\"]",
      "instances": [
        {
          "schema_version": 0,
          "attributes": {
            "all_availability_zones": null,
            "exclude_names": null,
            "exclude_zone_ids": null,
            "filter": null,
            "group_names": [
              "us-east-1-zg-1"
            ],
            "id": "us-east-1",
            "names": [
              "us-east-1a",
              "us-east-1b",
              "us-east-1c",
              "us-east-1d",
              "us-east-1e",
              "us-east-1f"
            ],
            "state": null,
            "timeouts": null,
            "zone_ids": [
              "use1-az1",
              "use1-az2",
              "use1-az4",
              "use1-az6",
              "use1-az3",
              "use1-az5"
            ]
          },
          "sensitive_attributes": []
        }
      ]
    },
    {
      "mode": "data",
      "type": "aws_caller_identity",
      "name": "me",
      "provider": "provider[\"registry.terraform.io/hashicorp/aws\"]",
      "instances": [
        {
          "schema_version": 0,
          "attributes": {
            "account_id": "996098261366",
            "arn": "arn:aws:sts::996098261366:assumed-role/AWSReservedSSO_AdministratorAccess_51e7a327249ec2c9/poc-admin",
            "id": "996098261366",
            "user_id": "AROA6P3AVIF3NMWPMFQ5B:poc-admin"
          },
          "sensitive_attributes": []
        }
      ]
    },
    {
      "mode": "data",
      "type": "aws_iam_policy_document",
      "name": "ec2_assume",
      "provider": "provider[\"registry.terraform.io/hashicorp/aws\"]",
      "instances": [
        {
          "schema_version": 0,
          "attributes": {
            "id": "1903849331",
            "json": "{\n  \"Version\": \"2012-10-17\",\n  \"Statement\": [\n    {\n      \"Sid\": \"\",\n      \"Effect\": \"Allow\",\n      \"Action\": \"sts:AssumeRole\",\n      \"Principal\": {\n        \"Service\": \"ec2.amazonaws.com\"\n      }\n    }\n  ]\n}",
            "override_json": null,
            "override_policy_documents": null,
            "policy_id": null,
            "source_json": null,
            "source_policy_documents": null,
            "statement": [
              {
                "actions": [
                  "sts:AssumeRole"
                ],
                "condition": [],
                "effect": "Allow",
                "not_actions": [],
                "not_principals": [],
                "not_resources": [],
                "principals": [
                  {
                    "identifiers": [
                      "ec2.amazonaws.com"
                    ],
                    "type": "Service"
                  }
                ],
                "resources": [],
                "sid": ""
              }
            ],
            "version": "2012-10-17"
          },
          "sensitive_attributes": []
        }
      ]
    },
    {
      "mode": "managed",
      "type": "aws_autoscaling_group",
      "name": "runner_asg",
      "provider": "provider[\"registry.terraform.io/hashicorp/aws\"]",
      "instances": [
        {
          "schema_version": 0,
          "attributes": {
            "arn": "arn:aws:autoscaling:us-east-1:996098261366:autoScalingGroup:03541c3f-ab9e-4d8d-b0c7-1faf081ae2ff:autoScalingGroupName/gh-runner-asg-arindam83-aws-poc-01",
            "availability_zones": [
              "us-east-1a",
              "us-east-1b"
            ],
            "capacity_rebalance": false,
            "context": "",
            "default_cooldown": 300,
            "default_instance_warmup": 0,
            "desired_capacity": 0,
            "desired_capacity_type": "",
            "enabled_metrics": [],
            "force_delete": false,
            "force_delete_warm_pool": false,
            "health_check_grace_period": 300,
            "health_check_type": "EC2",
            "id": "gh-runner-asg-arindam83-aws-poc-01",
            "initial_lifecycle_hook": [],
            "instance_refresh": [],
            "launch_configuration": "",
            "launch_template": [
              {
                "id": "lt-0622abcae84f3f34d",
                "name": "gh-runner-poc-20251208024637351500000003",
                "version": "$Latest"
              }
            ],
            "load_balancers": [],
            "max_instance_lifetime": 0,
            "max_size": 2,
            "metrics_granularity": "1Minute",
            "min_elb_capacity": null,
            "min_size": 0,
            "mixed_instances_policy": [],
            "name": "gh-runner-asg-arindam83-aws-poc-01",
            "name_prefix": "",
            "placement_group": "",
            "predicted_capacity": 0,
            "protect_from_scale_in": false,
            "service_linked_role_arn": "arn:aws:iam::996098261366:role/aws-service-role/autoscaling.amazonaws.com/AWSServiceRoleForAutoScaling",
            "suspended_processes": [],
            "tag": [
              {
                "key": "Name",
                "propagate_at_launch": true,
                "value": "gh-runner-poc-arindam83/aws-poc-01"
              }
            ],
            "tags": null,
            "target_group_arns": [],
            "termination_policies": [],
            "timeouts": null,
            "vpc_zone_identifier": [
              "subnet-0423fa5359830df65",
              "subnet-049a3e7c6bfc5c31a"
            ],
            "wait_for_capacity_timeout": "10m",
            "wait_for_elb_capacity": null,
            "warm_pool": [],
            "warm_pool_size": 0
          },
          "sensitive_attributes": [],
          "private": "eyJlMmJmYjczMC1lY2FhLTExZTYtOGY4OC0zNDM2M2JjN2M0YzAiOnsiZGVsZXRlIjo2MDAwMDAwMDAwMDAsInVwZGF0ZSI6NjAwMDAwMDAwMDAwfX0=",
          "dependencies": [
            "aws_iam_instance_profile.runner_profile",
            "aws_iam_role.runner_role",
            "aws_launch_template.runner_lt",
            "aws_security_group.runner_sg",
            "aws_subnet.public",
            "aws_vpc.poc_vpc",
            "data.aws_availability_zones.available",
            "data.aws_caller_identity.me",
            "data.aws_iam_policy_document.ec2_assume"
          ],
          "create_before_destroy": true
        }
      ]
    },
    {
      "mode": "managed",
      "type": "aws_iam_instance_profile",
      "name": "runner_profile",
      "provider": "provider[\"registry.terraform.io/hashicorp/aws\"]",
      "instances": [
        {
          "schema_version": 0,
          "attributes": {
            "arn": "arn:aws:iam::996098261366:instance-profile/gh-runner-profile-poc-996098261366",
            "create_date": "2025-12-08T02:46:22Z",
            "id": "gh-runner-profile-poc-996098261366",
            "name": "gh-runner-profile-poc-996098261366",
            "name_prefix": "",
            "path": "/",
            "role": "gh-runner-role-poc-996098261366",
            "tags": {},
            "tags_all": {},
            "unique_id": "AIPA6P3AVIF3F4X357JHS"
          },
          "sensitive_attributes": [],
          "private": "bnVsbA==",
          "dependencies": [
            "aws_iam_role.runner_role",
            "data.aws_caller_identity.me",
            "data.aws_iam_policy_document.ec2_assume"
          ],
          "create_before_destroy": true
        }
      ]
    },
    {
      "mode": "managed",
      "type": "aws_iam_policy",
      "name": "runner_policy",
      "provider": "provider[\"registry.terraform.io/hashicorp/aws\"]",
      "instances": [
        {
          "schema_version": 0,
          "attributes": {
            "arn": "arn:aws:iam::996098261366:policy/gh-runner-policy-poc-996098261366",
            "description": "",
            "id": "arn:aws:iam::996098261366:policy/gh-runner-policy-poc-996098261366",
            "name": "gh-runner-policy-poc-996098261366",
            "name_prefix": "",
            "path": "/",
            "policy": "{\"Statement\":[{\"Action\":[\"secretsmanager:GetSecretValue\"],\"Effect\":\"Allow\",\"Resource\":\"arn:aws:secretsmanager:us-east-1:996098261366:secret:github/token/arindam83-aws-poc-01*\"},{\"Action\":[\"logs:CreateLogGroup\",\"logs:CreateLogStream\",\"logs:PutLogEvents\"],\"Effect\":\"Allow\",\"Resource\":\"*\"},{\"Action\":[\"ssm:UpdateInstanceInformation\",\"ssmmessages:CreateControlChannel\",\"ssmmessages:CreateDataChannel\",\"ssmmessages:OpenControlChannel\",\"ssmmessages:OpenDataChannel\"],\"Effect\":\"Allow\",\"Resource\":\"*\"},{\"Action\":[\"s3:GetEncryptionConfiguration\"],\"Effect\":\"Allow\",\"Resource\":\"*\"}],\"Version\":\"2012-10-17\"}",
            "policy_id": "ANPA6P3AVIF3PEEK43KAY",
            "tags": {},
            "tags_all": {}
          },
          "sensitive_attributes": [],
          "private": "bnVsbA==",
          "dependencies": [
            "data.aws_caller_identity.me"
          ]
        }
      ]
    },
    {
      "mode": "managed",
      "type": "aws_iam_role",
      "name": "runner_role",
      "provider": "provider[\"registry.terraform.io/hashicorp/aws\"]",
      "instances": [
        {
          "schema_version": 0,
          "attributes": {
            "arn": "arn:aws:iam::996098261366:role/gh-runner-role-poc-996098261366",
            "assume_role_policy": "{\"Statement\":[{\"Action\":\"sts:AssumeRole\",\"Effect\":\"Allow\",\"Principal\":{\"Service\":\"ec2.amazonaws.com\"},\"Sid\":\"\"}],\"Version\":\"2012-10-17\"}",
            "create_date": "2025-12-08T02:46:22Z",
            "description": "",
            "force_detach_policies": false,
            "id": "gh-runner-role-poc-996098261366",
            "inline_policy": [],
            "managed_policy_arns": [
              "arn:aws:iam::996098261366:policy/gh-runner-policy-poc-996098261366",
              "arn:aws:iam::aws:policy/AmazonSSMManagedInstanceCore"
            ],
            "max_session_duration": 3600,
            "name": "gh-runner-role-poc-996098261366",
            "name_prefix": "",
            "path": "/",
            "permissions_boundary": null,
            "role_last_used": [
              {
                "last_used_date": "2025-12-08T03:54:55Z",
                "region": "us-east-1"
              }
            ],
            "tags": {},
            "tags_all": {},
            "unique_id": "AROA6P3AVIF3JON4XBULV"
          },
          "sensitive_attributes": [],
          "private": "bnVsbA==",
          "dependencies": [
            "data.aws_caller_identity.me",
            "data.aws_iam_policy_document.ec2_assume"
          ],
          "create_before_destroy": true
        }
      ]
    },
    {
      "mode": "managed",
      "type": "aws_iam_role_policy_attachment",
      "name": "runner_attach",
      "provider": "provider[\"registry.terraform.io/hashicorp/aws\"]",
      "instances": [
        {
          "schema_version": 0,
          "attributes": {
            "id": "gh-runner-role-poc-996098261366-20251208024623818300000002",
            "policy_arn": "arn:aws:iam::996098261366:policy/gh-runner-policy-poc-996098261366",
            "role": "gh-runner-role-poc-996098261366"
          },
          "sensitive_attributes": [],
          "private": "bnVsbA==",
          "dependencies": [
            "aws_iam_policy.runner_policy",
            "aws_iam_role.runner_role",
            "data.aws_caller_identity.me",
            "data.aws_iam_policy_document.ec2_assume"
          ]
        }
      ]
    },
    {
      "mode": "managed",
      "type": "aws_iam_role_policy_attachment",
      "name": "ssm_managed",
      "provider": "provider[\"registry.terraform.io/hashicorp/aws\"]",
      "instances": [
        {
          "schema_version": 0,
          "attributes": {
            "id": "gh-runner-role-poc-996098261366-20251208024623811000000001",
            "policy_arn": "arn:aws:iam::aws:policy/AmazonSSMManagedInstanceCore",
            "role": "gh-runner-role-poc-996098261366"
          },
          "sensitive_attributes": [],
          "private": "bnVsbA==",
          "dependencies": [
            "aws_iam_role.runner_role",
            "data.aws_caller_identity.me",
            "data.aws_iam_policy_document.ec2_assume"
          ]
        }
      ]
    },
    {
      "mode": "managed",
      "type": "aws_internet_gateway",
      "name": "igw",
      "provider": "provider[\"registry.terraform.io/hashicorp/aws\"]",
      "instances": [
        {
          "schema_version": 0,
          "attributes": {
            "arn": "arn:aws:ec2:us-east-1:996098261366:internet-gateway/igw-00e0dc590f3ec6f51",
            "id": "igw-00e0dc590f3ec6f51",
            "owner_id": "996098261366",
            "tags": {
              "Name": "poc-igw"
            },
            "tags_all": {
              "Name": "poc-igw"
            },
            "timeouts": null,
            "vpc_id": "vpc-0edd562875fa5198d"
          },
          "sensitive_attributes": [],
          "private": "eyJlMmJmYjczMC1lY2FhLTExZTYtOGY4OC0zNDM2M2JjN2M0YzAiOnsiY3JlYXRlIjoxMjAwMDAwMDAwMDAwLCJkZWxldGUiOjEyMDAwMDAwMDAwMDAsInVwZGF0ZSI6MTIwMDAwMDAwMDAwMH19",
          "dependencies": [
            "aws_vpc.poc_vpc"
          ]
        }
      ]
    },
    {
      "mode": "managed",
      "type": "aws_launch_template",
      "name": "runner_lt",
      "provider": "provider[\"registry.terraform.io/hashicorp/aws\"]",
      "instances": [
        {
          "schema_version": 0,
          "attributes": {
            "arn": "arn:aws:ec2:us-east-1:996098261366:launch-template/lt-0622abcae84f3f34d",
            "block_device_mappings": [],
            "capacity_reservation_specification": [],
            "cpu_options": [],
            "credit_specification": [],
            "default_version": 1,
            "description": "",
            "disable_api_stop": false,
            "disable_api_termination": false,
            "ebs_optimized": "",
            "elastic_gpu_specifications": [],
            "elastic_inference_accelerator": [],
            "enclave_options": [],
            "hibernation_options": [],
            "iam_instance_profile": [
              {
                "arn": "",
                "name": "gh-runner-profile-poc-996098261366"
              }
            ],
            "id": "lt-0622abcae84f3f34d",
            "image_id": "ami-0fa3fe0fa7920f68e",
            "instance_initiated_shutdown_behavior": "",
            "instance_market_options": [],
            "instance_requirements": [],
            "instance_type": "t3.small",
            "kernel_id": "",
            "key_name": "",
            "latest_version": 3,
            "license_specification": [],
            "maintenance_options": [],
            "metadata_options": [],
            "monitoring": [],
            "name": "gh-runner-poc-20251208024637351500000003",
            "name_prefix": "gh-runner-poc-",
            "network_interfaces": [
              {
                "associate_carrier_ip_address": "",
                "associate_public_ip_address": "true",
                "delete_on_termination": "",
                "description": "",
                "device_index": 0,
                "interface_type": "",
                "ipv4_address_count": 0,
                "ipv4_addresses": [],
                "ipv4_prefix_count": 0,
                "ipv4_prefixes": [],
                "ipv6_address_count": 0,
                "ipv6_addresses": [],
                "ipv6_prefix_count": 0,
                "ipv6_prefixes": [],
                "network_card_index": 0,
                "network_interface_id": "",
                "private_ip_address": "",
                "security_groups": [
                  "sg-0e8b0eb08c52bcdbe"
                ],
                "subnet_id": ""
              }
            ],
            "placement": [],
            "private_dns_name_options": [],
            "ram_disk_id": "",
            "security_group_names": [],
            "tag_specifications": [
              {
                "resource_type": "instance",
                "tags": {
                  "Name": "gh-runner-poc-arindam83/aws-poc-01",
                  "Repo": "arindam83/aws-poc-01"
                }
              }
            ],
            "tags": {},
            "tags_all": {},
            "update_default_version": null,
            "user_data": "IyEvYmluL2Jhc2gNCnNldCAtZXVvIHBpcGVmYWlsDQoNCiMgRW5hYmxlIGRlYnVnIGxvZ2dpbmcNCmV4ZWMgPiA+KHRlZSAvdmFyL2xvZy91c2VyLWRhdGEubG9nKQ0KZXhlYyAyPiYxDQplY2hvICJTdGFydGluZyBHaXRIdWIgcnVubmVyIHNldHVwIGF0ICQoZGF0ZSkiDQoNClJFUE89ImFyaW5kYW04My9hd3MtcG9jLTAxIg0KUkVHSU9OPSJ1cy1lYXN0LTEiDQpTRUNSRVRfTkFNRT0iZ2l0aHViL3Rva2VuL2FyaW5kYW04My1hd3MtcG9jLTAxIg0KUlVOTkVSX0RJUj0iL2hvbWUvZWMyLXVzZXIvYWN0aW9ucy1ydW5uZXIiDQpSVU5ORVJfVkVSU0lPTj0iMi4zMTkuMCINClJFUE9fTEFCRUw9IiR7UkVQTy8vXC8vLX0iDQpMQUJFTFM9ImVwaGVtZXJhbCwkUkVQT19MQUJFTCINCg0KIyBJbnN0YWxsIGRlcGVuZGVuY2llcw0KZWNobyAiSW5zdGFsbGluZyBkZXBlbmRlbmNpZXMuLi4iDQp5dW0gdXBkYXRlIC15DQp5dW0gaW5zdGFsbCAteSBqcSBnaXQgYW1hem9uLXNzbS1hZ2VudA0Kc3lzdGVtY3RsIGVuYWJsZSBhbWF6b24tc3NtLWFnZW50DQpzeXN0ZW1jdGwgc3RhcnQgYW1hem9uLXNzbS1hZ2VudA0KDQojIGNyZWF0ZSB1c2VyIGFuZCB3b3JrIGRpcg0KZWNobyAiU2V0dGluZyB1cCBlYzItdXNlci4uLiINCmlkIC11IGVjMi11c2VyICY+L2Rldi9udWxsIHx8IHVzZXJhZGQgLW0gZWMyLXVzZXINCm1rZGlyIC1wICIkUlVOTkVSX0RJUiINCmNob3duIGVjMi11c2VyOmVjMi11c2VyICIkUlVOTkVSX0RJUiINCmNkICIkUlVOTkVSX0RJUiINCg0KIyBmZXRjaCBHSCBQQVQgZnJvbSBTZWNyZXRzIE1hbmFnZXINCmVjaG8gIkZldGNoaW5nIEdpdEh1YiBQQVQgZnJvbSBTZWNyZXRzIE1hbmFnZXIuLi4iDQpHSF9QQVRfSlNPTj0kKGF3cyBzZWNyZXRzbWFuYWdlciBnZXQtc2VjcmV0LXZhbHVlIC0tc2VjcmV0LWlkICIkU0VDUkVUX05BTUUiIC0tcmVnaW9uICIkUkVHSU9OIiAtLXF1ZXJ5IFNlY3JldFN0cmluZyAtLW91dHB1dCB0ZXh0KQ0KR0hfUEFUPSQoZWNobyAiJEdIX1BBVF9KU09OIiB8IGpxIC1yIC50b2tlbikNCmlmIFsgLXogIiRHSF9QQVQiIF0gfHwgWyAiJEdIX1BBVCIgPSAibnVsbCIgXTsgdGhlbg0KICBlY2hvICJFUlJPUjogRmFpbGVkIHRvIHJlYWQgR0ggUEFUIiA+JjINCiAgZXhpdCAxDQpmaQ0KZWNobyAiU3VjY2Vzc2Z1bGx5IHJldHJpZXZlZCBHaXRIdWIgUEFUIg0KDQojIG9idGFpbiByZWdpc3RyYXRpb24gdG9rZW4gKHNob3J0LWxpdmVkKQ0KZWNobyAiT2J0YWluaW5nIEdpdEh1YiByZWdpc3RyYXRpb24gdG9rZW4uLi4iDQpSRUdfUkVTUD0kKGN1cmwgLXMgLVggUE9TVCAtSCAiQXV0aG9yaXphdGlvbjogdG9rZW4gJEdIX1BBVCIgLUggIkFjY2VwdDogYXBwbGljYXRpb24vdm5kLmdpdGh1Yitqc29uIiAiaHR0cHM6Ly9hcGkuZ2l0aHViLmNvbS9yZXBvcy8kUkVQTy9hY3Rpb25zL3J1bm5lcnMvcmVnaXN0cmF0aW9uLXRva2VuIikNClJFR19UT0tFTj0kKGVjaG8gIiRSRUdfUkVTUCIgfCBqcSAtciAudG9rZW4pDQppZiBbIC16ICIkUkVHX1RPS0VOIiBdIHx8IFsgIiRSRUdfVE9LRU4iID0gIm51bGwiIF07IHRoZW4NCiAgZWNobyAiRVJST1I6IEZhaWxlZCB0byBnZXQgcmVnaXN0cmF0aW9uIHRva2VuOiAkUkVHX1JFU1AiID4mMg0KICBleGl0IDENCmZpDQplY2hvICJTdWNjZXNzZnVsbHkgb2J0YWluZWQgcmVnaXN0cmF0aW9uIHRva2VuIg0KDQojIGRvd25sb2FkIGFuZCBleHRyYWN0IHJ1bm5lcg0KZWNobyAiRG93bmxvYWRpbmcgR2l0SHViIEFjdGlvbnMgcnVubmVyIHYkUlVOTkVSX1ZFUlNJT04uLi4iDQpBUkNISVZFPSJhY3Rpb25zLXJ1bm5lci1saW51eC14NjQtJFJVTk5FUl9WRVJTSU9OLnRhci5neiINCmN1cmwgLW8gIiRBUkNISVZFIiAtTCAiaHR0cHM6Ly9naXRodWIuY29tL2FjdGlvbnMvcnVubmVyL3JlbGVhc2VzL2Rvd25sb2FkL3YkUlVOTkVSX1ZFUlNJT04vJEFSQ0hJVkUiDQp0YXIgeHpmICIkQVJDSElWRSINCmNob3duIC1SIGVjMi11c2VyOmVjMi11c2VyIC4NCmVjaG8gIlJ1bm5lciBleHRyYWN0ZWQgc3VjY2Vzc2Z1bGx5Ig0KDQojIEluc3RhbGwgcnVubmVyIGRlcGVuZGVuY2llcyAocmVxdWlyZWQgZm9yIC5ORVQgQ29yZSA2LjApDQplY2hvICJJbnN0YWxsaW5nIHJ1bm5lciBkZXBlbmRlbmNpZXMuLi4iDQojIEFtYXpvbiBMaW51eCAyMDIzIHJlcXVpcmVzIG1hbnVhbCBsaWJpY3UgaW5zdGFsbGF0aW9uDQp5dW0gaW5zdGFsbCAteSBsaWJpY3UNCmVjaG8gIlJ1bm5lciBkZXBlbmRlbmNpZXMgaW5zdGFsbGVkIg0KDQojIGNvbmZpZ3VyZSBydW5uZXIgYXMgcGVyc2lzdGVudCAoaGFuZGxlcyBtdWx0aXBsZSBqb2JzKQ0KZWNobyAiQ29uZmlndXJpbmcgcnVubmVyIHdpdGggbGFiZWxzOiAkTEFCRUxTLi4uIg0Kc3VkbyAtdSBlYzItdXNlciBiYXNoIC1jICIuL2NvbmZpZy5zaCAtLXVuYXR0ZW5kZWQgLS11cmwgaHR0cHM6Ly9naXRodWIuY29tLyRSRVBPIC0tdG9rZW4gJFJFR19UT0tFTiAtLWxhYmVscyAkTEFCRUxTIC0td29yayBfd29yayINCmVjaG8gIlJ1bm5lciBjb25maWd1cmVkIHN1Y2Nlc3NmdWxseSINCg0KIyBpbnN0YWxsIGFuZCBzdGFydCBhcyBzZXJ2aWNlDQplY2hvICJJbnN0YWxsaW5nIGFuZCBzdGFydGluZyBydW5uZXIgc2VydmljZS4uLiINCi4vc3ZjLnNoIGluc3RhbGwgZWMyLXVzZXINCi4vc3ZjLnNoIHN0YXJ0DQplY2hvICJSdW5uZXIgc2VydmljZSBzdGFydGVkIg0KDQojIENyZWF0ZSB1bnJlZ2lzdGVyIHNjcmlwdCB0aGF0IGZldGNoZXMgYSBmcmVzaCByZW1vdmFsIHRva2VuIGF0IHNodXRkb3duDQpjYXQgPiAvdXNyL2xvY2FsL2Jpbi91bnJlZ2lzdGVyLXJ1bm5lci5zaCA8PCAnVU5SRUcnDQojIS9iaW4vYmFzaA0Kc2V0IC1lDQpjZCAvaG9tZS9lYzItdXNlci9hY3Rpb25zLXJ1bm5lciB8fCBleGl0IDANCg0KIyBGZXRjaCBQQVQgZnJvbSBTZWNyZXRzIE1hbmFnZXINCkdIX1BBVF9KU09OPSQoYXdzIHNlY3JldHNtYW5hZ2VyIGdldC1zZWNyZXQtdmFsdWUgLS1zZWNyZXQtaWQgImdpdGh1Yi90b2tlbi9hcmluZGFtODMtYXdzLXBvYy0wMSIgLS1yZWdpb24gInVzLWVhc3QtMSIgLS1xdWVyeSBTZWNyZXRTdHJpbmcgLS1vdXRwdXQgdGV4dCAyPi9kZXYvbnVsbCkNCkdIX1BBVD0kKGVjaG8gIiRHSF9QQVRfSlNPTiIgfCBqcSAtciAudG9rZW4gMj4vZGV2L251bGwpDQoNCmlmIFsgLW4gIiRHSF9QQVQiIF0gJiYgWyAiJEdIX1BBVCIgIT0gIm51bGwiIF07IHRoZW4NCiAgIyBHZXQgcmVtb3ZhbCB0b2tlbg0KICBSRU1PVkVfUkVTUD0kKGN1cmwgLXMgLVggUE9TVCAtSCAiQXV0aG9yaXphdGlvbjogdG9rZW4gJEdIX1BBVCIgLUggIkFjY2VwdDogYXBwbGljYXRpb24vdm5kLmdpdGh1Yitqc29uIiAiaHR0cHM6Ly9hcGkuZ2l0aHViLmNvbS9yZXBvcy9hcmluZGFtODMvYXdzLXBvYy0wMS9hY3Rpb25zL3J1bm5lcnMvcmVtb3ZlLXRva2VuIiAyPi9kZXYvbnVsbCkNCiAgUkVNT1ZFX1RPS0VOPSQoZWNobyAiJFJFTU9WRV9SRVNQIiB8IGpxIC1yIC50b2tlbiAyPi9kZXYvbnVsbCkNCiAgDQogIGlmIFsgLW4gIiRSRU1PVkVfVE9LRU4iIF0gJiYgWyAiJFJFTU9WRV9UT0tFTiIgIT0gIm51bGwiIF07IHRoZW4NCiAgICAuL2NvbmZpZy5zaCByZW1vdmUgLS11bmF0dGVuZGVkIC0tdG9rZW4gIiRSRU1PVkVfVE9LRU4iIDI+L2Rldi9udWxsIHx8IHRydWUNCiAgZmkNCmZpDQpVTlJFRw0KDQpjaG1vZCAreCAvdXNyL2xvY2FsL2Jpbi91bnJlZ2lzdGVyLXJ1bm5lci5zaA0KDQpjYXQgPiAvZXRjL3N5c3RlbWQvc3lzdGVtL3VucmVnaXN0ZXItcnVubmVyLnNlcnZpY2UgPDwgJ1VOSVQnDQpbVW5pdF0NCkRlc2NyaXB0aW9uPVVucmVnaXN0ZXIgR2l0SHViIHJ1bm5lciBvbiBzaHV0ZG93bg0KRGVmYXVsdERlcGVuZGVuY2llcz1ubw0KQmVmb3JlPXNodXRkb3duLnRhcmdldA0KDQpbU2VydmljZV0NClR5cGU9b25lc2hvdA0KRXhlY1N0YXJ0PS9iaW4vdHJ1ZQ0KRXhlY1N0b3A9L3Vzci9sb2NhbC9iaW4vdW5yZWdpc3Rlci1ydW5uZXIuc2gNClJlbWFpbkFmdGVyRXhpdD15ZXMNClRpbWVvdXRTdG9wU2VjPTMwDQoNCltJbnN0YWxsXQ0KV2FudGVkQnk9bXVsdGktdXNlci50YXJnZXQNClVOSVQNCg0Kc3lzdGVtY3RsIGRhZW1vbi1yZWxvYWQNCnN5c3RlbWN0bCBlbmFibGUgdW5yZWdpc3Rlci1ydW5uZXIuc2VydmljZQ0Kc3lzdGVtY3RsIHN0YXJ0IHVucmVnaXN0ZXItcnVubmVyLnNlcnZpY2UNCg0KZWNobyAiR2l0SHViIHJ1bm5lciBzZXR1cCBjb21wbGV0ZWQgc3VjY2Vzc2Z1bGx5IGF0ICQoZGF0ZSki",
            "vpc_security_group_ids": []
          },
          "sensitive_attributes": [],
          "private": "bnVsbA==",
          "dependencies": [
            "aws_iam_instance_profile.runner_profile",
            "aws_iam_role.runner_role",
            "aws_security_group.runner_sg",
            "aws_vpc.poc_vpc",
            "data.aws_caller_identity.me",
            "data.aws_iam_policy_document.ec2_assume"
          ],
          "create_before_destroy": true
        }
      ]
    },
    {
      "mode": "managed",
      "type": "aws_route_table",
      "name": "public",
      "provider": "provider[\"registry.terraform.io/hashicorp/aws\"]",
      "instances": [
        {
          "schema_version": 0,
          "attributes": {
            "arn": "arn:aws:ec2:us-east-1:996098261366:route-table/rtb-0e327de1c8f545d3d",
            "id": "rtb-0e327de1c8f545d3d",
            "owner_id": "996098261366",
            "propagating_vgws": [],
            "route": [
              {
                "carrier_gateway_id": "",
                "cidr_block": "0.0.0.0/0",
                "core_network_arn": "",
                "destination_prefix_list_id": "",
                "egress_only_gateway_id": "",
                "gateway_id": "igw-00e0dc590f3ec6f51",
                "instance_id": "",
                "ipv6_cidr_block": "",
                "local_gateway_id": "",
                "nat_gateway_id": "",
                "network_interface_id": "",
                "transit_gateway_id": "",
                "vpc_endpoint_id": "",
                "vpc_peering_connection_id": ""
              }
            ],
            "tags": {
              "Name": "poc-public-rt"
            },
            "tags_all": {
              "Name": "poc-public-rt"
            },
            "timeouts": null,
            "vpc_id": "vpc-0edd562875fa5198d"
          },
          "sensitive_attributes": [],
          "private": "eyJlMmJmYjczMC1lY2FhLTExZTYtOGY4OC0zNDM2M2JjN2M0YzAiOnsiY3JlYXRlIjozMDAwMDAwMDAwMDAsImRlbGV0ZSI6MzAwMDAwMDAwMDAwLCJ1cGRhdGUiOjEyMDAwMDAwMDAwMH19",
          "dependencies": [
            "aws_internet_gateway.igw",
            "aws_vpc.poc_vpc"
          ]
        }
      ]
    },
    {
      "mode": "managed",
      "type": "aws_route_table_association",
      "name": "public_assoc",
      "provider": "provider[\"registry.terraform.io/hashicorp/aws\"]",
      "instances": [
        {
          "index_key": 0,
          "schema_version": 0,
          "attributes": {
            "gateway_id": "",
            "id": "rtbassoc-0e56972a1aada4904",
            "route_table_id": "rtb-0e327de1c8f545d3d",
            "subnet_id": "subnet-0423fa5359830df65",
            "timeouts": null
          },
          "sensitive_attributes": [],
          "private": "eyJlMmJmYjczMC1lY2FhLTExZTYtOGY4OC0zNDM2M2JjN2M0YzAiOnsiY3JlYXRlIjozMDAwMDAwMDAwMDAsImRlbGV0ZSI6MzAwMDAwMDAwMDAwLCJ1cGRhdGUiOjEyMDAwMDAwMDAwMH19",
          "dependencies": [
            "aws_internet_gateway.igw",
            "aws_route_table.public",
            "aws_subnet.public",
            "aws_vpc.poc_vpc",
            "data.aws_availability_zones.available"
          ]
        },
        {
          "index_key": 1,
          "schema_version": 0,
          "attributes": {
            "gateway_id": "",
            "id": "rtbassoc-036076350f18b1a71",
            "route_table_id": "rtb-0e327de1c8f545d3d",
            "subnet_id": "subnet-049a3e7c6bfc5c31a",
            "timeouts": null
          },
          "sensitive_attributes": [],
          "private": "eyJlMmJmYjczMC1lY2FhLTExZTYtOGY4OC0zNDM2M2JjN2M0YzAiOnsiY3JlYXRlIjozMDAwMDAwMDAwMDAsImRlbGV0ZSI6MzAwMDAwMDAwMDAwLCJ1cGRhdGUiOjEyMDAwMDAwMDAwMH19",
          "dependencies": [
            "aws_internet_gateway.igw",
            "aws_route_table.public",
            "aws_subnet.public",
            "aws_vpc.poc_vpc",
            "data.aws_availability_zones.available"
          ]
        }
      ]
    },
    {
      "mode": "managed",
      "type": "aws_security_group",
      "name": "runner_sg",
      "provider": "provider[\"registry.terraform.io/hashicorp/aws\"]",
      "instances": [
        {
          "schema_version": 1,
          "attributes": {
            "arn": "arn:aws:ec2:us-east-1:996098261366:security-group/sg-0e8b0eb08c52bcdbe",
            "description": "Allow outbound HTTPS and SSM",
            "egress": [
              {
                "cidr_blocks": [
                  "0.0.0.0/0"
                ],
                "description": "",
                "from_port": 0,
                "ipv6_cidr_blocks": [],
                "prefix_list_ids": [],
                "protocol": "-1",
                "security_groups": [],
                "self": false,
                "to_port": 0
              }
            ],
            "id": "sg-0e8b0eb08c52bcdbe",
            "ingress": [
              {
                "cidr_blocks": [],
                "description": "Allow SSH from your IP (optional)",
                "from_port": 22,
                "ipv6_cidr_blocks": [],
                "prefix_list_ids": [],
                "protocol": "tcp",
                "security_groups": [],
                "self": false,
                "to_port": 22
              }
            ],
            "name": "poc-runner-sg",
            "name_prefix": "",
            "owner_id": "996098261366",
            "revoke_rules_on_delete": false,
            "tags": {
              "Name": "poc-runner-sg"
            },
            "tags_all": {
              "Name": "poc-runner-sg"
            },
            "timeouts": null,
            "vpc_id": "vpc-0edd562875fa5198d"
          },
          "sensitive_attributes": [],
          "private": "eyJlMmJmYjczMC1lY2FhLTExZTYtOGY4OC0zNDM2M2JjN2M0YzAiOnsiY3JlYXRlIjo2MDAwMDAwMDAwMDAsImRlbGV0ZSI6OTAwMDAwMDAwMDAwfSwic2NoZW1hX3ZlcnNpb24iOiIxIn0=",
          "dependencies": [
            "aws_vpc.poc_vpc"
          ],
          "create_before_destroy": true
        }
      ]
    },
    {
      "mode": "managed",
      "type": "aws_subnet",
      "name": "public",
      "provider": "provider[\"registry.terraform.io/hashicorp/aws\"]",
      "instances": [
        {
          "index_key": 0,
          "schema_version": 1,
          "attributes": {
            "arn": "arn:aws:ec2:us-east-1:996098261366:subnet/subnet-0423fa5359830df65",
            "assign_ipv6_address_on_creation": false,
            "availability_zone": "us-east-1a",
            "availability_zone_id": "use1-az1",
            "cidr_block": "10.10.0.0/24",
            "customer_owned_ipv4_pool": "",
            "enable_dns64": false,
            "enable_lni_at_device_index": 0,
            "enable_resource_name_dns_a_record_on_launch": false,
            "enable_resource_name_dns_aaaa_record_on_launch": false,
            "id": "subnet-0423fa5359830df65",
            "ipv6_cidr_block": "",
            "ipv6_cidr_block_association_id": "",
            "ipv6_native": false,
            "map_customer_owned_ip_on_launch": false,
            "map_public_ip_on_launch": true,
            "outpost_arn": "",
            "owner_id": "996098261366",
            "private_dns_hostname_type_on_launch": "ip-name",
            "tags": {
              "Name": "poc-public-0"
            },
            "tags_all": {
              "Name": "poc-public-0"
            },
            "timeouts": null,
            "vpc_id": "vpc-0edd562875fa5198d"
          },
          "sensitive_attributes": [],
          "private": "eyJlMmJmYjczMC1lY2FhLTExZTYtOGY4OC0zNDM2M2JjN2M0YzAiOnsiY3JlYXRlIjo2MDAwMDAwMDAwMDAsImRlbGV0ZSI6MTIwMDAwMDAwMDAwMH0sInNjaGVtYV92ZXJzaW9uIjoiMSJ9",
          "dependencies": [
            "aws_vpc.poc_vpc",
            "data.aws_availability_zones.available"
          ],
          "create_before_destroy": true
        },
        {
          "index_key": 1,
          "schema_version": 1,
          "attributes": {
            "arn": "arn:aws:ec2:us-east-1:996098261366:subnet/subnet-049a3e7c6bfc5c31a",
            "assign_ipv6_address_on_creation": false,
            "availability_zone": "us-east-1b",
            "availability_zone_id": "use1-az2",
            "cidr_block": "10.10.1.0/24",
            "customer_owned_ipv4_pool": "",
            "enable_dns64": false,
            "enable_lni_at_device_index": 0,
            "enable_resource_name_dns_a_record_on_launch": false,
            "enable_resource_name_dns_aaaa_record_on_launch": false,
            "id": "subnet-049a3e7c6bfc5c31a",
            "ipv6_cidr_block": "",
            "ipv6_cidr_block_association_id": "",
            "ipv6_native": false,
            "map_customer_owned_ip_on_launch": false,
            "map_public_ip_on_launch": true,
            "outpost_arn": "",
            "owner_id": "996098261366",
            "private_dns_hostname_type_on_launch": "ip-name",
            "tags": {
              "Name": "poc-public-1"
            },
            "tags_all": {
              "Name": "poc-public-1"
            },
            "timeouts": null,
            "vpc_id": "vpc-0edd562875fa5198d"
          },
          "sensitive_attributes": [],
          "private": "eyJlMmJmYjczMC1lY2FhLTExZTYtOGY4OC0zNDM2M2JjN2M0YzAiOnsiY3JlYXRlIjo2MDAwMDAwMDAwMDAsImRlbGV0ZSI6MTIwMDAwMDAwMDAwMH0sInNjaGVtYV92ZXJzaW9uIjoiMSJ9",
          "dependencies": [
            "aws_vpc.poc_vpc",
            "data.aws_availability_zones.available"
          ],
          "create_before_destroy": true
        }
      ]
    },
    {
      "mode": "managed",
      "type": "aws_vpc",
      "name": "poc_vpc",
      "provider": "provider[\"registry.terraform.io/hashicorp/aws\"]",
      "instances": [
        {
          "schema_version": 1,
          "attributes": {
            "arn": "arn:aws:ec2:us-east-1:996098261366:vpc/vpc-0edd562875fa5198d",
            "assign_generated_ipv6_cidr_block": false,
            "cidr_block": "10.10.0.0/16",
            "default_network_acl_id": "acl-0d6a73493f48e646f",
            "default_route_table_id": "rtb-08865df2575817f3d",
            "default_security_group_id": "sg-082b21b4047aba0ab",
            "dhcp_options_id": "dopt-09cc4f1d20ad05b02",
            "enable_classiclink": false,
            "enable_classiclink_dns_support": false,
            "enable_dns_hostnames": true,
            "enable_dns_support": true,
            "enable_network_address_usage_metrics": false,
            "id": "vpc-0edd562875fa5198d",
            "instance_tenancy": "default",
            "ipv4_ipam_pool_id": null,
            "ipv4_netmask_length": null,
            "ipv6_association_id": "",
            "ipv6_cidr_block": "",
            "ipv6_cidr_block_network_border_group": "",
            "ipv6_ipam_pool_id": "",
            "ipv6_netmask_length": 0,
            "main_route_table_id": "rtb-08865df2575817f3d",
            "owner_id": "996098261366",
            "tags": {
              "Name": "poc-vpc"
            },
            "tags_all": {
              "Name": "poc-vpc"
            }
          },
          "sensitive_attributes": [],
          "private": "eyJzY2hlbWFfdmVyc2lvbiI6IjEifQ==",
          "create_before_destroy": true
        }
      ]
    }
  ],
  "check_results": null
}
